{"format_version":"1.2","terraform_version":"1.12.2","planned_values":{"root_module":{"resources":[{"address":"aws_s3_bucket.insecure_bucket","mode":"managed","type":"aws_s3_bucket","name":"insecure_bucket","provider_name":"registry.terraform.io/hashicorp/aws","schema_version":0,"values":{"acl":"public-read","bucket":"my-devsecops-demo-bucket","force_destroy":false,"region":"us-east-1","tags":null,"timeouts":null},"sensitive_values":{"cors_rule":[],"grant":[],"lifecycle_rule":[],"logging":[],"object_lock_configuration":[],"replication_configuration":[],"server_side_encryption_configuration":[],"tags_all":{},"versioning":[],"website":[]},"identity_schema_version":0,"identity":{"account_id":null,"bucket":null,"region":null}}]}},"resource_changes":[{"address":"aws_s3_bucket.insecure_bucket","mode":"managed","type":"aws_s3_bucket","name":"insecure_bucket","provider_name":"registry.terraform.io/hashicorp/aws","change":{"actions":["create"],"before":null,"after":{"acl":"public-read","bucket":"my-devsecops-demo-bucket","force_destroy":false,"region":"us-east-1","tags":null,"timeouts":null},"after_unknown":{"acceleration_status":true,"arn":true,"bucket_domain_name":true,"bucket_prefix":true,"bucket_region":true,"bucket_regional_domain_name":true,"cors_rule":true,"grant":true,"hosted_zone_id":true,"id":true,"lifecycle_rule":true,"logging":true,"object_lock_configuration":true,"object_lock_enabled":true,"policy":true,"replication_configuration":true,"request_payer":true,"server_side_encryption_configuration":true,"tags_all":true,"versioning":true,"website":true,"website_domain":true,"website_endpoint":true},"before_sensitive":false,"after_sensitive":{"cors_rule":[],"grant":[],"lifecycle_rule":[],"logging":[],"object_lock_configuration":[],"replication_configuration":[],"server_side_encryption_configuration":[],"tags_all":{},"versioning":[],"website":[]},"after_identity":{"account_id":null,"bucket":null,"region":null}}}],"configuration":{"provider_config":{"aws":{"name":"aws","full_name":"registry.terraform.io/hashicorp/aws","expressions":{"region":{"constant_value":"us-east-1"}}}},"root_module":{"resources":[{"address":"aws_s3_bucket.insecure_bucket","mode":"managed","type":"aws_s3_bucket","name":"insecure_bucket","provider_config_key":"aws","expressions":{"acl":{"constant_value":"public-read"},"bucket":{"constant_value":"my-devsecops-demo-bucket"}},"schema_version":0}]}},"timestamp":"2025-07-20T23:48:54Z","applyable":true,"complete":true,"errored":false}
